// !$*UTF8*$!
{
	archiveVersion = 1;
	classes = {
	};
	objectVersion = 77;
	objects = {

/* Begin PBXBuildFile section */
		D33F2D282DAAB7B300817D99 /* GoogleSignIn in Frameworks */ = {isa = PBXBuildFile; productRef = D33F2D272DAAB7B300817D99 /* GoogleSignIn */; };
		D33F2D2A2DAAB7B300817D99 /* GoogleSignInSwift in Frameworks */ = {isa = PBXBuildFile; productRef = D33F2D292DAAB7B300817D99 /* GoogleSignInSwift */; };
		D37C32622DA98147005AADC6 /* FacebookAEM in Frameworks */ = {isa = PBXBuildFile; productRef = D37C32612DA98147005AADC6 /* FacebookAEM */; };
		D37C32642DA98147005AADC6 /* FacebookBasics in Frameworks */ = {isa = PBXBuildFile; productRef = D37C32632DA98147005AADC6 /* FacebookBasics */; };
		D37C32662DA98147005AADC6 /* FacebookCore in Frameworks */ = {isa = PBXBuildFile; productRef = D37C32652DA98147005AADC6 /* FacebookCore */; };
		D37C326A2DA98147005AADC6 /* FacebookLogin in Frameworks */ = {isa = PBXBuildFile; productRef = D37C32692DA98147005AADC6 /* FacebookLogin */; };
/* End PBXBuildFile section */

/* Begin PBXContainerItemProxy section */
		D310556B2DA97A9A00B766BB /* PBXContainerItemProxy */ = {
			isa = PBXContainerItemProxy;
			containerPortal = D31055492DA97A9800B766BB /* Project object */;
			proxyType = 1;
			remoteGlobalIDString = D31055502DA97A9800B766BB;
			remoteInfo = "Third-Party-Login";
		};
		D31055752DA97A9A00B766BB /* PBXContainerItemProxy */ = {
			isa = PBXContainerItemProxy;
			containerPortal = D31055492DA97A9800B766BB /* Project object */;
			proxyType = 1;
			remoteGlobalIDString = D31055502DA97A9800B766BB;
			remoteInfo = "Third-Party-Login";
		};
/* End PBXContainerItemProxy section */

/* Begin PBXFileReference section */
		D31055512DA97A9800B766BB /* Third-Party-Login.app */ = {isa = PBXFileReference; explicitFileType = wrapper.application; includeInIndex = 0; path = "Third-Party-Login.app"; sourceTree = BUILT_PRODUCTS_DIR; };
		D310556A2DA97A9A00B766BB /* Third-Party-LoginTests.xctest */ = {isa = PBXFileReference; explicitFileType = wrapper.cfbundle; includeInIndex = 0; path = "Third-Party-LoginTests.xctest"; sourceTree = BUILT_PRODUCTS_DIR; };
		D31055742DA97A9A00B766BB /* Third-Party-LoginUITests.xctest */ = {isa = PBXFileReference; explicitFileType = wrapper.cfbundle; includeInIndex = 0; path = "Third-Party-LoginUITests.xctest"; sourceTree = BUILT_PRODUCTS_DIR; };
/* End PBXFileReference section */

/* Begin PBXFileSystemSynchronizedBuildFileExceptionSet section */
		D310557C2DA97A9A00B766BB /* Exceptions for "Third-Party-Login" folder in "Third-Party-Login" target */ = {
			isa = PBXFileSystemSynchronizedBuildFileExceptionSet;
			membershipExceptions = (
				Info.plist,
			);
			target = D31055502DA97A9800B766BB /* Third-Party-Login */;
		};
/* End PBXFileSystemSynchronizedBuildFileExceptionSet section */

/* Begin PBXFileSystemSynchronizedRootGroup section */
		D31055532DA97A9800B766BB /* Third-Party-Login */ = {
			isa = PBXFileSystemSynchronizedRootGroup;
			exceptions = (
				D310557C2DA97A9A00B766BB /* Exceptions for "Third-Party-Login" folder in "Third-Party-Login" target */,
			);
			path = "Third-Party-Login";
			sourceTree = "<group>";
		};
		D310556D2DA97A9A00B766BB /* Third-Party-LoginTests */ = {
			isa = PBXFileSystemSynchronizedRootGroup;
			path = "Third-Party-LoginTests";
			sourceTree = "<group>";
		};
		D31055772DA97A9A00B766BB /* Third-Party-LoginUITests */ = {
			isa = PBXFileSystemSynchronizedRootGroup;
			path = "Third-Party-LoginUITests";
			sourceTree = "<group>";
		};
/* End PBXFileSystemSynchronizedRootGroup section */

/* Begin PBXFrameworksBuildPhase section */
		D310554E2DA97A9800B766BB /* Frameworks */ = {
			isa = PBXFrameworksBuildPhase;
			buildActionMask = 2147483647;
			files = (
				D33F2D282DAAB7B300817D99 /* GoogleSignIn in Frameworks */,
				D37C326A2DA98147005AADC6 /* FacebookLogin in Frameworks */,
				D37C32622DA98147005AADC6 /* FacebookAEM in Frameworks */,
				D33F2D2A2DAAB7B300817D99 /* GoogleSignInSwift in Frameworks */,
				D37C32662DA98147005AADC6 /* FacebookCore in Frameworks */,
				D37C32642DA98147005AADC6 /* FacebookBasics in Frameworks */,
			);
			runOnlyForDeploymentPostprocessing = 0;
		};
		D31055672DA97A9A00B766BB /* Frameworks */ = {
			isa = PBXFrameworksBuildPhase;
			buildActionMask = 2147483647;
			files = (
			);
			runOnlyForDeploymentPostprocessing = 0;
		};
		D31055712DA97A9A00B766BB /* Frameworks */ = {
			isa = PBXFrameworksBuildPhase;
			buildActionMask = 2147483647;
			files = (
			);
			runOnlyForDeploymentPostprocessing = 0;
		};
/* End PBXFrameworksBuildPhase section */

/* Begin PBXGroup section */
		D31055482DA97A9800B766BB = {
			isa = PBXGroup;
			children = (
				D31055532DA97A9800B766BB /* Third-Party-Login */,
				D310556D2DA97A9A00B766BB /* Third-Party-LoginTests */,
				D31055772DA97A9A00B766BB /* Third-Party-LoginUITests */,
				D31055522DA97A9800B766BB /* Products */,
			);
			sourceTree = "<group>";
		};
		D31055522DA97A9800B766BB /* Products */ = {
			isa = PBXGroup;
			children = (
				D31055512DA97A9800B766BB /* Third-Party-Login.app */,
				D310556A2DA97A9A00B766BB /* Third-Party-LoginTests.xctest */,
				D31055742DA97A9A00B766BB /* Third-Party-LoginUITests.xctest */,
			);
			name = Products;
			sourceTree = "<group>";
		};
/* End PBXGroup section */

/* Begin PBXNativeTarget section */
		D31055502DA97A9800B766BB /* Third-Party-Login */ = {
			isa = PBXNativeTarget;
			buildConfigurationList = D310557D2DA97A9A00B766BB /* Build configuration list for PBXNativeTarget "Third-Party-Login" */;
			buildPhases = (
				D310554D2DA97A9800B766BB /* Sources */,
				D310554E2DA97A9800B766BB /* Frameworks */,
				D310554F2DA97A9800B766BB /* Resources */,
			);
			buildRules = (
			);
			dependencies = (
			);
			fileSystemSynchronizedGroups = (
				D31055532DA97A9800B766BB /* Third-Party-Login */,
			);
			name = "Third-Party-Login";
			packageProductDependencies = (
				D37C32612DA98147005AADC6 /* FacebookAEM */,
				D37C32632DA98147005AADC6 /* FacebookBasics */,
				D37C32652DA98147005AADC6 /* FacebookCore */,
				D37C32692DA98147005AADC6 /* FacebookLogin */,
				D33F2D272DAAB7B300817D99 /* GoogleSignIn */,
				D33F2D292DAAB7B300817D99 /* GoogleSignInSwift */,
			);
			productName = "Third-Party-Login";
			productReference = D31055512DA97A9800B766BB /* Third-Party-Login.app */;
			productType = "com.apple.product-type.application";
		};
		D31055692DA97A9A00B766BB /* Third-Party-LoginTests */ = {
			isa = PBXNativeTarget;
			buildConfigurationList = D31055822DA97A9A00B766BB /* Build configuration list for PBXNativeTarget "Third-Party-LoginTests" */;
			buildPhases = (
				D31055662DA97A9A00B766BB /* Sources */,
				D31055672DA97A9A00B766BB /* Frameworks */,
				D31055682DA97A9A00B766BB /* Resources */,
			);
			buildRules = (
			);
			dependencies = (
				D310556C2DA97A9A00B766BB /* PBXTargetDependency */,
			);
			fileSystemSynchronizedGroups = (
				D310556D2DA97A9A00B766BB /* Third-Party-LoginTests */,
			);
			name = "Third-Party-LoginTests";
			packageProductDependencies = (
			);
			productName = "Third-Party-LoginTests";
			productReference = D310556A2DA97A9A00B766BB /* Third-Party-LoginTests.xctest */;
			productType = "com.apple.product-type.bundle.unit-test";
		};
		D31055732DA97A9A00B766BB /* Third-Party-LoginUITests */ = {
			isa = PBXNativeTarget;
			buildConfigurationList = D31055852DA97A9A00B766BB /* Build configuration list for PBXNativeTarget "Third-Party-LoginUITests" */;
			buildPhases = (
				D31055702DA97A9A00B766BB /* Sources */,
				D31055712DA97A9A00B766BB /* Frameworks */,
				D31055722DA97A9A00B766BB /* Resources */,
			);
			buildRules = (
			);
			dependencies = (
				D31055762DA97A9A00B766BB /* PBXTargetDependency */,
			);
			fileSystemSynchronizedGroups = (
				D31055772DA97A9A00B766BB /* Third-Party-LoginUITests */,
			);
			name = "Third-Party-LoginUITests";
			packageProductDependencies = (
			);
			productName = "Third-Party-LoginUITests";
			productReference = D31055742DA97A9A00B766BB /* Third-Party-LoginUITests.xctest */;
			productType = "com.apple.product-type.bundle.ui-testing";
		};
/* End PBXNativeTarget section */

/* Begin PBXProject section */
		D31055492DA97A9800B766BB /* Project object */ = {
			isa = PBXProject;
			attributes = {
				BuildIndependentTargetsInParallel = 1;
				LastSwiftUpdateCheck = 1620;
				LastUpgradeCheck = 1620;
				TargetAttributes = {
					D31055502DA97A9800B766BB = {
						CreatedOnToolsVersion = 16.2;
					};
					D31055692DA97A9A00B766BB = {
						CreatedOnToolsVersion = 16.2;
						TestTargetID = D31055502DA97A9800B766BB;
					};
					D31055732DA97A9A00B766BB = {
						CreatedOnToolsVersion = 16.2;
						TestTargetID = D31055502DA97A9800B766BB;
					};
				};
			};
			buildConfigurationList = D310554C2DA97A9800B766BB /* Build configuration list for PBXProject "Third-Party-Login" */;
			developmentRegion = en;
			hasScannedForEncodings = 0;
			knownRegions = (
				en,
				Base,
			);
			mainGroup = D31055482DA97A9800B766BB;
			minimizedProjectReferenceProxies = 1;
			packageReferences = (
				D37C32602DA98147005AADC6 /* XCRemoteSwiftPackageReference "facebook-ios-sdk" */,
				D33F2D262DAAB7B300817D99 /* XCRemoteSwiftPackageReference "GoogleSignIn-iOS" */,
			);
			preferredProjectObjectVersion = 77;
			productRefGroup = D31055522DA97A9800B766BB /* Products */;
			projectDirPath = "";
			projectRoot = "";
			targets = (
				D31055502DA97A9800B766BB /* Third-Party-Login */,
				D31055692DA97A9A00B766BB /* Third-Party-LoginTests */,
				D31055732DA97A9A00B766BB /* Third-Party-LoginUITests */,
			);
		};
/* End PBXProject section */

/* Begin PBXResourcesBuildPhase section */
		D310554F2DA97A9800B766BB /* Resources */ = {
			isa = PBXResourcesBuildPhase;
			buildActionMask = 2147483647;
			files = (
			);
			runOnlyForDeploymentPostprocessing = 0;
		};
		D31055682DA97A9A00B766BB /* Resources */ = {
			isa = PBXResourcesBuildPhase;
			buildActionMask = 2147483647;
			files = (
			);
			runOnlyForDeploymentPostprocessing = 0;
		};
		D31055722DA97A9A00B766BB /* Resources */ = {
			isa = PBXResourcesBuildPhase;
			buildActionMask = 2147483647;
			files = (
			);
			runOnlyForDeploymentPostprocessing = 0;
		};
/* End PBXResourcesBuildPhase section */

/* Begin PBXSourcesBuildPhase section */
		D310554D2DA97A9800B766BB /* Sources */ = {
			isa = PBXSourcesBuildPhase;
			buildActionMask = 2147483647;
			files = (
			);
			runOnlyForDeploymentPostprocessing = 0;
		};
		D31055662DA97A9A00B766BB /* Sources */ = {
			isa = PBXSourcesBuildPhase;
			buildActionMask = 2147483647;
			files = (
			);
			runOnlyForDeploymentPostprocessing = 0;
		};
		D31055702DA97A9A00B766BB /* Sources */ = {
			isa = PBXSourcesBuildPhase;
			buildActionMask = 2147483647;
			files = (
			);
			runOnlyForDeploymentPostprocessing = 0;
		};
/* End PBXSourcesBuildPhase section */

/* Begin PBXTargetDependency section */
		D310556C2DA97A9A00B766BB /* PBXTargetDependency */ = {
			isa = PBXTargetDependency;
			target = D31055502DA97A9800B766BB /* Third-Party-Login */;
			targetProxy = D310556B2DA97A9A00B766BB /* PBXContainerItemProxy */;
		};
		D31055762DA97A9A00B766BB /* PBXTargetDependency */ = {
			isa = PBXTargetDependency;
			target = D31055502DA97A9800B766BB /* Third-Party-Login */;
			targetProxy = D31055752DA97A9A00B766BB /* PBXContainerItemProxy */;
		};
/* End PBXTargetDependency section */

/* Begin XCBuildConfiguration section */
		D310557E2DA97A9A00B766BB /* Debug */ = {
			isa = XCBuildConfiguration;
			buildSettings = {
				ASSETCATALOG_COMPILER_APPICON_NAME = AppIcon;
				ASSETCATALOG_COMPILER_GLOBAL_ACCENT_COLOR_NAME = AccentColor;
				CODE_SIGN_ENTITLEMENTS = "Third-Party-Login/Third-Party-Login.entitlements";
				CODE_SIGN_STYLE = Automatic;
				CURRENT_PROJECT_VERSION = 1;
				DEVELOPMENT_TEAM = 5862HZ6X6T;
				GENERATE_INFOPLIST_FILE = YES;
				INFOPLIST_FILE = "Third-Party-Login/Info.plist";
				INFOPLIST_KEY_UIApplicationSupportsIndirectInputEvents = YES;
				INFOPLIST_KEY_UILaunchStoryboardName = LaunchScreen;
				INFOPLIST_KEY_UIMainStoryboardFile = Main;
				INFOPLIST_KEY_UISupportedInterfaceOrientations_iPad = "UIInterfaceOrientationPortrait UIInterfaceOrientationPortraitUpsideDown UIInterfaceOrientationLandscapeLeft UIInterfaceOrientationLandscapeRight";
				INFOPLIST_KEY_UISupportedInterfaceOrientations_iPhone = "UIInterfaceOrientationPortrait UIInterfaceOrientationLandscapeLeft UIInterfaceOrientationLandscapeRight";
				IPHONEOS_DEPLOYMENT_TARGET = 17.6;
				LD_RUNPATH_SEARCH_PATHS = (
					"$(inherited)",
					"@executable_path/Frameworks",
				);
				MARKETING_VERSION = 1.0;
				PRODUCT_BUNDLE_IDENTIFIER = "daweihao.Third-Party-Login";
				PRODUCT_NAME = "$(TARGET_NAME)";
				SWIFT_EMIT_LOC_STRINGS = YES;
				SWIFT_VERSION = 5.0;
				TARGETED_DEVICE_FAMILY = "1,2";
			};
			name = Debug;
		};
		D310557F2DA97A9A00B766BB /* Release */ = {
			isa = XCBuildConfiguration;
			buildSettings = {
				ASSETCATALOG_COMPILER_APPICON_NAME = AppIcon;
				ASSETCATALOG_COMPILER_GLOBAL_ACCENT_COLOR_NAME = AccentColor;
				CODE_SIGN_ENTITLEMENTS = "Third-Party-Login/Third-Party-Login.entitlements";
				CODE_SIGN_STYLE = Automatic;
				CURRENT_PROJECT_VERSION = 1;
				DEVELOPMENT_TEAM = 5862HZ6X6T;
				GENERATE_INFOPLIST_FILE = YES;
				INFOPLIST_FILE = "Third-Party-Login/Info.plist";
				INFOPLIST_KEY_UIApplicationSupportsIndirectInputEvents = YES;
				INFOPLIST_KEY_UILaunchStoryboardName = LaunchScreen;
				INFOPLIST_KEY_UIMainStoryboardFile = Main;
				INFOPLIST_KEY_UISupportedInterfaceOrientations_iPad = "UIInterfaceOrientationPortrait UIInterfaceOrientationPortraitUpsideDown UIInterfaceOrientationLandscapeLeft UIInterfaceOrientationLandscapeRight";
				INFOPLIST_KEY_UISupportedInterfaceOrientations_iPhone = "UIInterfaceOrientationPortrait UIInterfaceOrientationLandscapeLeft UIInterfaceOrientationLandscapeRight";
				IPHONEOS_DEPLOYMENT_TARGET = 17.6;
				LD_RUNPATH_SEARCH_PATHS = (
					"$(inherited)",
					"@executable_path/Frameworks",
				);
				MARKETING_VERSION = 1.0;
				PRODUCT_BUNDLE_IDENTIFIER = "daweihao.Third-Party-Login";
				PRODUCT_NAME = "$(TARGET_NAME)";
				SWIFT_EMIT_LOC_STRINGS = YES;
				SWIFT_VERSION = 5.0;
				TARGETED_DEVICE_FAMILY = "1,2";
			};
			name = Release;
		};
		D31055802DA97A9A00B766BB /* Debug */ = {
			isa = XCBuildConfiguration;
			buildSettings = {
				ALWAYS_SEARCH_USER_PATHS = NO;
				ASSETCATALOG_COMPILER_GENERATE_SWIFT_ASSET_SYMBOL_EXTENSIONS = YES;
				CLANG_ANALYZER_NONNULL = YES;
				CLANG_ANALYZER_NUMBER_OBJECT_CONVERSION = YES_AGGRESSIVE;
				CLANG_CXX_LANGUAGE_STANDARD = "gnu++20";
				CLANG_ENABLE_MODULES = YES;
				CLANG_ENABLE_OBJC_ARC = YES;
				CLANG_ENABLE_OBJC_WEAK = YES;
				CLANG_WARN_BLOCK_CAPTURE_AUTORELEASING = YES;
				CLANG_WARN_BOOL_CONVERSION = YES;
				CLANG_WARN_COMMA = YES;
				CLANG_WARN_CONSTANT_CONVERSION = YES;
				CLANG_WARN_DEPRECATED_OBJC_IMPLEMENTATIONS = YES;
				CLANG_WARN_DIRECT_OBJC_ISA_USAGE = YES_ERROR;
				CLANG_WARN_DOCUMENTATION_COMMENTS = YES;
				CLANG_WARN_EMPTY_BODY = YES;
				CLANG_WARN_ENUM_CONVERSION = YES;
				CLANG_WARN_INFINITE_RECURSION = YES;
				CLANG_WARN_INT_CONVERSION = YES;
				CLANG_WARN_NON_LITERAL_NULL_CONVERSION = YES;
				CLANG_WARN_OBJC_IMPLICIT_RETAIN_SELF = YES;
				CLANG_WARN_OBJC_LITERAL_CONVERSION = YES;
				CLANG_WARN_OBJC_ROOT_CLASS = YES_ERROR;
				CLANG_WARN_QUOTED_INCLUDE_IN_FRAMEWORK_HEADER = YES;
				CLANG_WARN_RANGE_LOOP_ANALYSIS = YES;
				CLANG_WARN_STRICT_PROTOTYPES = YES;
				CLANG_WARN_SUSPICIOUS_MOVE = YES;
				CLANG_WARN_UNGUARDED_AVAILABILITY = YES_AGGRESSIVE;
				CLANG_WARN_UNREACHABLE_CODE = YES;
				CLANG_WARN__DUPLICATE_METHOD_MATCH = YES;
				COPY_PHASE_STRIP = NO;
				DEBUG_INFORMATION_FORMAT = dwarf;
				ENABLE_STRICT_OBJC_MSGSEND = YES;
				ENABLE_TESTABILITY = YES;
				ENABLE_USER_SCRIPT_SANDBOXING = YES;
				GCC_C_LANGUAGE_STANDARD = gnu17;
				GCC_DYNAMIC_NO_PIC = NO;
				GCC_NO_COMMON_BLOCKS = YES;
				GCC_OPTIMIZATION_LEVEL = 0;
				GCC_PREPROCESSOR_DEFINITIONS = (
					"DEBUG=1",
					"$(inherited)",
				);
				GCC_WARN_64_TO_32_BIT_CONVERSION = YES;
				GCC_WARN_ABOUT_RETURN_TYPE = YES_ERROR;
				GCC_WARN_UNDECLARED_SELECTOR = YES;
				GCC_WARN_UNINITIALIZED_AUTOS = YES_AGGRESSIVE;
				GCC_WARN_UNUSED_FUNCTION = YES;
				GCC_WARN_UNUSED_VARIABLE = YES;
				IPHONEOS_DEPLOYMENT_TARGET = 18.2;
				LOCALIZATION_PREFERS_STRING_CATALOGS = YES;
				MTL_ENABLE_DEBUG_INFO = INCLUDE_SOURCE;
				MTL_FAST_MATH = YES;
				ONLY_ACTIVE_ARCH = YES;
				SDKROOT = iphoneos;
				SWIFT_ACTIVE_COMPILATION_CONDITIONS = "DEBUG $(inherited)";
				SWIFT_OPTIMIZATION_LEVEL = "-Onone";
			};
			name = Debug;
		};
		D31055812DA97A9A00B766BB /* Release */ = {
			isa = XCBuildConfiguration;
			buildSettings = {
				ALWAYS_SEARCH_USER_PATHS = NO;
				ASSETCATALOG_COMPILER_GENERATE_SWIFT_ASSET_SYMBOL_EXTENSIONS = YES;
				CLANG_ANALYZER_NONNULL = YES;
				CLANG_ANALYZER_NUMBER_OBJECT_CONVERSION = YES_AGGRESSIVE;
				CLANG_CXX_LANGUAGE_STANDARD = "gnu++20";
				CLANG_ENABLE_MODULES = YES;
				CLANG_ENABLE_OBJC_ARC = YES;
				CLANG_ENABLE_OBJC_WEAK = YES;
				CLANG_WARN_BLOCK_CAPTURE_AUTORELEASING = YES;
				CLANG_WARN_BOOL_CONVERSION = YES;
				CLANG_WARN_COMMA = YES;
				CLANG_WARN_CONSTANT_CONVERSION = YES;
				CLANG_WARN_DEPRECATED_OBJC_IMPLEMENTATIONS = YES;
				CLANG_WARN_DIRECT_OBJC_ISA_USAGE = YES_ERROR;
				CLANG_WARN_DOCUMENTATION_COMMENTS = YES;
				CLANG_WARN_EMPTY_BODY = YES;
				CLANG_WARN_ENUM_CONVERSION = YES;
				CLANG_WARN_INFINITE_RECURSION = YES;
				CLANG_WARN_INT_CONVERSION = YES;
				CLANG_WARN_NON_LITERAL_NULL_CONVERSION = YES;
				CLANG_WARN_OBJC_IMPLICIT_RETAIN_SELF = YES;
				CLANG_WARN_OBJC_LITERAL_CONVERSION = YES;
				CLANG_WARN_OBJC_ROOT_CLASS = YES_ERROR;
				CLANG_WARN_QUOTED_INCLUDE_IN_FRAMEWORK_HEADER = YES;
				CLANG_WARN_RANGE_LOOP_ANALYSIS = YES;
				CLANG_WARN_STRICT_PROTOTYPES = YES;
				CLANG_WARN_SUSPICIOUS_MOVE = YES;
				CLANG_WARN_UNGUARDED_AVAILABILITY = YES_AGGRESSIVE;
				CLANG_WARN_UNREACHABLE_CODE = YES;
				CLANG_WARN__DUPLICATE_METHOD_MATCH = YES;
				COPY_PHASE_STRIP = NO;
				DEBUG_INFORMATION_FORMAT = "dwarf-with-dsym";
				ENABLE_NS_ASSERTIONS = NO;
				ENABLE_STRICT_OBJC_MSGSEND = YES;
				ENABLE_USER_SCRIPT_SANDBOXING = YES;
				GCC_C_LANGUAGE_STANDARD = gnu17;
				GCC_NO_COMMON_BLOCKS = YES;
				GCC_WARN_64_TO_32_BIT_CONVERSION = YES;
				GCC_WARN_ABOUT_RETURN_TYPE = YES_ERROR;
				GCC_WARN_UNDECLARED_SELECTOR = YES;
				GCC_WARN_UNINITIALIZED_AUTOS = YES_AGGRESSIVE;
				GCC_WARN_UNUSED_FUNCTION = YES;
				GCC_WARN_UNUSED_VARIABLE = YES;
				IPHONEOS_DEPLOYMENT_TARGET = 18.2;
				LOCALIZATION_PREFERS_STRING_CATALOGS = YES;
				MTL_ENABLE_DEBUG_INFO = NO;
				MTL_FAST_MATH = YES;
				SDKROOT = iphoneos;
				SWIFT_COMPILATION_MODE = wholemodule;
				VALIDATE_PRODUCT = YES;
			};
			name = Release;
		};
		D31055832DA97A9A00B766BB /* Debug */ = {
			isa = XCBuildConfiguration;
			buildSettings = {
				BUNDLE_LOADER = "$(TEST_HOST)";
				CODE_SIGN_STYLE = Automatic;
				CURRENT_PROJECT_VERSION = 1;
				DEVELOPMENT_TEAM = 5862HZ6X6T;
				GENERATE_INFOPLIST_FILE = YES;
				IPHONEOS_DEPLOYMENT_TARGET = 18.2;
				MARKETING_VERSION = 1.0;
				PRODUCT_BUNDLE_IDENTIFIER = "daweihao.Third-Party-LoginTests";
				PRODUCT_NAME = "$(TARGET_NAME)";
				SWIFT_EMIT_LOC_STRINGS = NO;
				SWIFT_VERSION = 5.0;
				TARGETED_DEVICE_FAMILY = "1,2";
				TEST_HOST = "$(BUILT_PRODUCTS_DIR)/Third-Party-Login.app/$(BUNDLE_EXECUTABLE_FOLDER_PATH)/Third-Party-Login";
			};
			name = Debug;
		};
		D31055842DA97A9A00B766BB /* Release */ = {
			isa = XCBuildConfiguration;
			buildSettings = {
				BUNDLE_LOADER = "$(TEST_HOST)";
				CODE_SIGN_STYLE = Automatic;
				CURRENT_PROJECT_VERSION = 1;
				DEVELOPMENT_TEAM = 5862HZ6X6T;
				GENERATE_INFOPLIST_FILE = YES;
				IPHONEOS_DEPLOYMENT_TARGET = 18.2;
				MARKETING_VERSION = 1.0;
				PRODUCT_BUNDLE_IDENTIFIER = "daweihao.Third-Party-LoginTests";
				PRODUCT_NAME = "$(TARGET_NAME)";
				SWIFT_EMIT_LOC_STRINGS = NO;
				SWIFT_VERSION = 5.0;
				TARGETED_DEVICE_FAMILY = "1,2";
				TEST_HOST = "$(BUILT_PRODUCTS_DIR)/Third-Party-Login.app/$(BUNDLE_EXECUTABLE_FOLDER_PATH)/Third-Party-Login";
			};
			name = Release;
		};
		D31055862DA97A9A00B766BB /* Debug */ = {
			isa = XCBuildConfiguration;
			buildSettings = {
				CODE_SIGN_STYLE = Automatic;
				CURRENT_PROJECT_VERSION = 1;
				DEVELOPMENT_TEAM = 5862HZ6X6T;
				GENERATE_INFOPLIST_FILE = YES;
				MARKETING_VERSION = 1.0;
				PRODUCT_BUNDLE_IDENTIFIER = "daweihao.Third-Party-LoginUITests";
				PRODUCT_NAME = "$(TARGET_NAME)";
				SWIFT_EMIT_LOC_STRINGS = NO;
				SWIFT_VERSION = 5.0;
				TARGETED_DEVICE_FAMILY = "1,2";
				TEST_TARGET_NAME = "Third-Party-Login";
			};
			name = Debug;
		};
		D31055872DA97A9A00B766BB /* Release */ = {
			isa = XCBuildConfiguration;
			buildSettings = {
				CODE_SIGN_STYLE = Automatic;
				CURRENT_PROJECT_VERSION = 1;
				DEVELOPMENT_TEAM = 5862HZ6X6T;
				GENERATE_INFOPLIST_FILE = YES;
				MARKETING_VERSION = 1.0;
				PRODUCT_BUNDLE_IDENTIFIER = "daweihao.Third-Party-LoginUITests";
				PRODUCT_NAME = "$(TARGET_NAME)";
				SWIFT_EMIT_LOC_STRINGS = NO;
				SWIFT_VERSION = 5.0;
				TARGETED_DEVICE_FAMILY = "1,2";
				TEST_TARGET_NAME = "Third-Party-Login";
			};
			name = Release;
		};
/* End XCBuildConfiguration section */

/* Begin XCConfigurationList section */
		D310554C2DA97A9800B766BB /* Build configuration list for PBXProject "Third-Party-Login" */ = {
			isa = XCConfigurationList;
			buildConfigurations = (
				D31055802DA97A9A00B766BB /* Debug */,
				D31055812DA97A9A00B766BB /* Release */,
			);
			defaultConfigurationIsVisible = 0;
			defaultConfigurationName = Release;
		};
		D310557D2DA97A9A00B766BB /* Build configuration list for PBXNativeTarget "Third-Party-Login" */ = {
			isa = XCConfigurationList;
			buildConfigurations = (
				D310557E2DA97A9A00B766BB /* Debug */,
				D310557F2DA97A9A00B766BB /* Release */,
			);
			defaultConfigurationIsVisible = 0;
			defaultConfigurationName = Release;
		};
		D31055822DA97A9A00B766BB /* Build configuration list for PBXNativeTarget "Third-Party-LoginTests" */ = {
			isa = XCConfigurationList;
			buildConfigurations = (
				D31055832DA97A9A00B766BB /* Debug */,
				D31055842DA97A9A00B766BB /* Release */,
			);
			defaultConfigurationIsVisible = 0;
			defaultConfigurationName = Release;
		};
		D31055852DA97A9A00B766BB /* Build configuration list for PBXNativeTarget "Third-Party-LoginUITests" */ = {
			isa = XCConfigurationList;
			buildConfigurations = (
				D31055862DA97A9A00B766BB /* Debug */,
				D31055872DA97A9A00B766BB /* Release */,
			);
			defaultConfigurationIsVisible = 0;
			defaultConfigurationName = Release;
		};
/* End XCConfigurationList section */

/* Begin XCRemoteSwiftPackageReference section */
		D33F2D262DAAB7B300817D99 /* XCRemoteSwiftPackageReference "GoogleSignIn-iOS" */ = {
			isa = XCRemoteSwiftPackageReference;
			repositoryURL = "https://github.com/google/GoogleSignIn-iOS.git";
			requirement = {
				kind = upToNextMajorVersion;
				minimumVersion = 8.0.0;
			};
		};
		D37C32602DA98147005AADC6 /* XCRemoteSwiftPackageReference "facebook-ios-sdk" */ = {
			isa = XCRemoteSwiftPackageReference;
			repositoryURL = "https://github.com/facebook/facebook-ios-sdk";
			requirement = {
				kind = upToNextMajorVersion;
				minimumVersion = 14.1.0;
			};
		};
/* End XCRemoteSwiftPackageReference section */

/* Begin XCSwiftPackageProductDependency section */
		D33F2D272DAAB7B300817D99 /* GoogleSignIn */ = {
			isa = XCSwiftPackageProductDependency;
			package = D33F2D262DAAB7B300817D99 /* XCRemoteSwiftPackageReference "GoogleSignIn-iOS" */;
			productName = GoogleSignIn;
		};
		D33F2D292DAAB7B300817D99 /* GoogleSignInSwift */ = {
			isa = XCSwiftPackageProductDependency;
			package = D33F2D262DAAB7B300817D99 /* XCRemoteSwiftPackageReference "GoogleSignIn-iOS" */;
			productName = GoogleSignInSwift;
		};
		D37C32612DA98147005AADC6 /* FacebookAEM */ = {
			isa = XCSwiftPackageProductDependency;
			package = D37C32602DA98147005AADC6 /* XCRemoteSwiftPackageReference "facebook-ios-sdk" */;
			productName = FacebookAEM;
		};
		D37C32632DA98147005AADC6 /* FacebookBasics */ = {
			isa = XCSwiftPackageProductDependency;
			package = D37C32602DA98147005AADC6 /* XCRemoteSwiftPackageReference "facebook-ios-sdk" */;
			productName = FacebookBasics;
		};
		D37C32652DA98147005AADC6 /* FacebookCore */ = {
			isa = XCSwiftPackageProductDependency;
			package = D37C32602DA98147005AADC6 /* XCRemoteSwiftPackageReference "facebook-ios-sdk" */;
			productName = FacebookCore;
		};
		D37C32692DA98147005AADC6 /* FacebookLogin */ = {
			isa = XCSwiftPackageProductDependency;
			package = D37C32602DA98147005AADC6 /* XCRemoteSwiftPackageReference "facebook-ios-sdk" */;
			productName = FacebookLogin;
		};
/* End XCSwiftPackageProductDependency section */
	};
	rootObject = D31055492DA97A9800B766BB /* Project object */;
}
